// !$*UTF8*$!
{
	archiveVersion = 1;
	classes = {
	};
	objectVersion = 50;
	objects = {

/* Begin PBXBuildFile section */
		D84A0136246A96420044E6F6 /* CreateEmployeeViewController.swift in Sources */ = {isa = PBXBuildFile; fileRef = D84A0135246A96420044E6F6 /* CreateEmployeeViewController.swift */; };
		D84A0138246A987C0044E6F6 /* APIClient.swift in Sources */ = {isa = PBXBuildFile; fileRef = D84A0137246A987C0044E6F6 /* APIClient.swift */; };
		D84A013B246A99600044E6F6 /* EmployeeListTableViewCell.swift in Sources */ = {isa = PBXBuildFile; fileRef = D84A0139246A99600044E6F6 /* EmployeeListTableViewCell.swift */; };
		D84A013E246A997A0044E6F6 /* Constants.swift in Sources */ = {isa = PBXBuildFile; fileRef = D84A013D246A997A0044E6F6 /* Constants.swift */; };
		D84A0142246AD6D10044E6F6 /* EmployeeListTableViewCell.xib in Resources */ = {isa = PBXBuildFile; fileRef = D84A0141246AD6D10044E6F6 /* EmployeeListTableViewCell.xib */; };
		D84A0144246BAF0D0044E6F6 /* EmployeeDataModel.swift in Sources */ = {isa = PBXBuildFile; fileRef = D84A0143246BAF0D0044E6F6 /* EmployeeDataModel.swift */; };
		D84A0146246BB0D10044E6F6 /* EmployeeListViewModel.swift in Sources */ = {isa = PBXBuildFile; fileRef = D84A0145246BB0D10044E6F6 /* EmployeeListViewModel.swift */; };
		D84A0148246BE15A0044E6F6 /* UITextField+DoneButton.swift in Sources */ = {isa = PBXBuildFile; fileRef = D84A0147246BE15A0044E6F6 /* UITextField+DoneButton.swift */; };
		D84A014A246BF89F0044E6F6 /* CreateEmployeeViewModel.swift in Sources */ = {isa = PBXBuildFile; fileRef = D84A0149246BF89F0044E6F6 /* CreateEmployeeViewModel.swift */; };
		D84A014C246BF8B00044E6F6 /* DeleteEmployeeViewModel.swift in Sources */ = {isa = PBXBuildFile; fileRef = D84A014B246BF8B00044E6F6 /* DeleteEmployeeViewModel.swift */; };
		D84C27F824697E2200AA135C /* Main.storyboard in Resources */ = {isa = PBXBuildFile; fileRef = D84C27F724697E2200AA135C /* Main.storyboard */; };
		D84C27FA24697E3300AA135C /* LaunchScreen.storyboard in Resources */ = {isa = PBXBuildFile; fileRef = D84C27F924697E3300AA135C /* LaunchScreen.storyboard */; };
		D84C27FD24697F6B00AA135C /* EmployeeListViewController.swift in Sources */ = {isa = PBXBuildFile; fileRef = D84C27FC24697F6B00AA135C /* EmployeeListViewController.swift */; };
		D8D90C2F246E6FFC00A9588B /* CreateNewEmployeeDataModel.swift in Sources */ = {isa = PBXBuildFile; fileRef = D8D90C2E246E6FFB00A9588B /* CreateNewEmployeeDataModel.swift */; };
		D8FEF0F924695EB800673CA0 /* AppDelegate.swift in Sources */ = {isa = PBXBuildFile; fileRef = D8FEF0F824695EB800673CA0 /* AppDelegate.swift */; };
		D8FEF10224695EBE00673CA0 /* Assets.xcassets in Resources */ = {isa = PBXBuildFile; fileRef = D8FEF10124695EBE00673CA0 /* Assets.xcassets */; };
		D8FEF11024695EBF00673CA0 /* EmployeeInformationDemoTests.swift in Sources */ = {isa = PBXBuildFile; fileRef = D8FEF10F24695EBF00673CA0 /* EmployeeInformationDemoTests.swift */; };
		D8FEF11B24695EBF00673CA0 /* EmployeeInformationDemoUITests.swift in Sources */ = {isa = PBXBuildFile; fileRef = D8FEF11A24695EBF00673CA0 /* EmployeeInformationDemoUITests.swift */; };
/* End PBXBuildFile section */

/* Begin PBXContainerItemProxy section */
		D8FEF10C24695EBF00673CA0 /* PBXContainerItemProxy */ = {
			isa = PBXContainerItemProxy;
			containerPortal = D8FEF0ED24695EB800673CA0 /* Project object */;
			proxyType = 1;
			remoteGlobalIDString = D8FEF0F424695EB800673CA0;
			remoteInfo = EmployeeInformationDemo;
		};
		D8FEF11724695EBF00673CA0 /* PBXContainerItemProxy */ = {
			isa = PBXContainerItemProxy;
			containerPortal = D8FEF0ED24695EB800673CA0 /* Project object */;
			proxyType = 1;
			remoteGlobalIDString = D8FEF0F424695EB800673CA0;
			remoteInfo = EmployeeInformationDemo;
		};
/* End PBXContainerItemProxy section */

/* Begin PBXFileReference section */
		D84A0135246A96420044E6F6 /* CreateEmployeeViewController.swift */ = {isa = PBXFileReference; lastKnownFileType = sourcecode.swift; path = CreateEmployeeViewController.swift; sourceTree = "<group>"; };
		D84A0137246A987C0044E6F6 /* APIClient.swift */ = {isa = PBXFileReference; lastKnownFileType = sourcecode.swift; path = APIClient.swift; sourceTree = "<group>"; };
		D84A0139246A99600044E6F6 /* EmployeeListTableViewCell.swift */ = {isa = PBXFileReference; lastKnownFileType = sourcecode.swift; path = EmployeeListTableViewCell.swift; sourceTree = "<group>"; };
		D84A013D246A997A0044E6F6 /* Constants.swift */ = {isa = PBXFileReference; lastKnownFileType = sourcecode.swift; path = Constants.swift; sourceTree = "<group>"; };
		D84A0141246AD6D10044E6F6 /* EmployeeListTableViewCell.xib */ = {isa = PBXFileReference; fileEncoding = 4; lastKnownFileType = file.xib; path = EmployeeListTableViewCell.xib; sourceTree = "<group>"; };
		D84A0143246BAF0D0044E6F6 /* EmployeeDataModel.swift */ = {isa = PBXFileReference; lastKnownFileType = sourcecode.swift; path = EmployeeDataModel.swift; sourceTree = "<group>"; };
		D84A0145246BB0D10044E6F6 /* EmployeeListViewModel.swift */ = {isa = PBXFileReference; lastKnownFileType = sourcecode.swift; path = EmployeeListViewModel.swift; sourceTree = "<group>"; };
		D84A0147246BE15A0044E6F6 /* UITextField+DoneButton.swift */ = {isa = PBXFileReference; lastKnownFileType = sourcecode.swift; path = "UITextField+DoneButton.swift"; sourceTree = "<group>"; };
		D84A0149246BF89F0044E6F6 /* CreateEmployeeViewModel.swift */ = {isa = PBXFileReference; lastKnownFileType = sourcecode.swift; path = CreateEmployeeViewModel.swift; sourceTree = "<group>"; };
		D84A014B246BF8B00044E6F6 /* DeleteEmployeeViewModel.swift */ = {isa = PBXFileReference; lastKnownFileType = sourcecode.swift; path = DeleteEmployeeViewModel.swift; sourceTree = "<group>"; };
		D84C27F724697E2200AA135C /* Main.storyboard */ = {isa = PBXFileReference; lastKnownFileType = file.storyboard; path = Main.storyboard; sourceTree = "<group>"; };
		D84C27F924697E3300AA135C /* LaunchScreen.storyboard */ = {isa = PBXFileReference; lastKnownFileType = file.storyboard; path = LaunchScreen.storyboard; sourceTree = "<group>"; };
		D84C27FC24697F6B00AA135C /* EmployeeListViewController.swift */ = {isa = PBXFileReference; lastKnownFileType = sourcecode.swift; path = EmployeeListViewController.swift; sourceTree = "<group>"; };
		D8D90C2E246E6FFB00A9588B /* CreateNewEmployeeDataModel.swift */ = {isa = PBXFileReference; lastKnownFileType = sourcecode.swift; path = CreateNewEmployeeDataModel.swift; sourceTree = "<group>"; };
		D8FEF0F524695EB800673CA0 /* EmployeeInformationDemo.app */ = {isa = PBXFileReference; explicitFileType = wrapper.application; includeInIndex = 0; path = EmployeeInformationDemo.app; sourceTree = BUILT_PRODUCTS_DIR; };
		D8FEF0F824695EB800673CA0 /* AppDelegate.swift */ = {isa = PBXFileReference; lastKnownFileType = sourcecode.swift; path = AppDelegate.swift; sourceTree = "<group>"; };
		D8FEF10124695EBE00673CA0 /* Assets.xcassets */ = {isa = PBXFileReference; lastKnownFileType = folder.assetcatalog; path = Assets.xcassets; sourceTree = "<group>"; };
		D8FEF10624695EBF00673CA0 /* Info.plist */ = {isa = PBXFileReference; lastKnownFileType = text.plist.xml; path = Info.plist; sourceTree = "<group>"; };
		D8FEF10B24695EBF00673CA0 /* EmployeeInformationDemoTests.xctest */ = {isa = PBXFileReference; explicitFileType = wrapper.cfbundle; includeInIndex = 0; path = EmployeeInformationDemoTests.xctest; sourceTree = BUILT_PRODUCTS_DIR; };
		D8FEF10F24695EBF00673CA0 /* EmployeeInformationDemoTests.swift */ = {isa = PBXFileReference; lastKnownFileType = sourcecode.swift; path = EmployeeInformationDemoTests.swift; sourceTree = "<group>"; };
		D8FEF11124695EBF00673CA0 /* Info.plist */ = {isa = PBXFileReference; lastKnownFileType = text.plist.xml; path = Info.plist; sourceTree = "<group>"; };
		D8FEF11624695EBF00673CA0 /* EmployeeInformationDemoUITests.xctest */ = {isa = PBXFileReference; explicitFileType = wrapper.cfbundle; includeInIndex = 0; path = EmployeeInformationDemoUITests.xctest; sourceTree = BUILT_PRODUCTS_DIR; };
		D8FEF11A24695EBF00673CA0 /* EmployeeInformationDemoUITests.swift */ = {isa = PBXFileReference; lastKnownFileType = sourcecode.swift; path = EmployeeInformationDemoUITests.swift; sourceTree = "<group>"; };
		D8FEF11C24695EBF00673CA0 /* Info.plist */ = {isa = PBXFileReference; lastKnownFileType = text.plist.xml; path = Info.plist; sourceTree = "<group>"; };
/* End PBXFileReference section */

/* Begin PBXFrameworksBuildPhase section */
		D8FEF0F224695EB800673CA0 /* Frameworks */ = {
			isa = PBXFrameworksBuildPhase;
			buildActionMask = 2147483647;
			files = (
			);
			runOnlyForDeploymentPostprocessing = 0;
		};
		D8FEF10824695EBF00673CA0 /* Frameworks */ = {
			isa = PBXFrameworksBuildPhase;
			buildActionMask = 2147483647;
			files = (
			);
			runOnlyForDeploymentPostprocessing = 0;
		};
		D8FEF11324695EBF00673CA0 /* Frameworks */ = {
			isa = PBXFrameworksBuildPhase;
			buildActionMask = 2147483647;
			files = (
			);
			runOnlyForDeploymentPostprocessing = 0;
		};
/* End PBXFrameworksBuildPhase section */

/* Begin PBXGroup section */
		D84C27F024697D0E00AA135C /* AppDelegate */ = {
			isa = PBXGroup;
			children = (
				D8FEF0F824695EB800673CA0 /* AppDelegate.swift */,
			);
			path = AppDelegate;
			sourceTree = "<group>";
		};
		D84C27F124697D3900AA135C /* Model */ = {
			isa = PBXGroup;
			children = (
				D84A0143246BAF0D0044E6F6 /* EmployeeDataModel.swift */,
				D8D90C2E246E6FFB00A9588B /* CreateNewEmployeeDataModel.swift */,
			);
			path = Model;
			sourceTree = "<group>";
		};
		D84C27F224697D5900AA135C /* ViewModel */ = {
			isa = PBXGroup;
			children = (
				D84A0145246BB0D10044E6F6 /* EmployeeListViewModel.swift */,
				D84A0149246BF89F0044E6F6 /* CreateEmployeeViewModel.swift */,
				D84A014B246BF8B00044E6F6 /* DeleteEmployeeViewModel.swift */,
			);
			path = ViewModel;
			sourceTree = "<group>";
		};
		D84C27F324697D5900AA135C /* View */ = {
			isa = PBXGroup;
			children = (
				D84C27FB24697F3E00AA135C /* ViewControllers */,
				D84C27FE2469854100AA135C /* TableviewCell */,
				D84C27F624697D8300AA135C /* Storyboard */,
			);
			path = View;
			sourceTree = "<group>";
		};
		D84C27F424697D6700AA135C /* Utilities */ = {
			isa = PBXGroup;
			children = (
				D84A013D246A997A0044E6F6 /* Constants.swift */,
				D84A0147246BE15A0044E6F6 /* UITextField+DoneButton.swift */,
			);
			path = Utilities;
			sourceTree = "<group>";
		};
		D84C27F524697D6700AA135C /* NetworkDiagram */ = {
			isa = PBXGroup;
			children = (
				D84A0137246A987C0044E6F6 /* APIClient.swift */,
			);
			path = NetworkDiagram;
			sourceTree = "<group>";
		};
		D84C27F624697D8300AA135C /* Storyboard */ = {
			isa = PBXGroup;
			children = (
				D84C27F724697E2200AA135C /* Main.storyboard */,
				D84C27F924697E3300AA135C /* LaunchScreen.storyboard */,
			);
			name = Storyboard;
			path = EmployeeInformationDemo/Storyboard;
			sourceTree = SOURCE_ROOT;
		};
		D84C27FB24697F3E00AA135C /* ViewControllers */ = {
			isa = PBXGroup;
			children = (
				D84C27FC24697F6B00AA135C /* EmployeeListViewController.swift */,
				D84A0135246A96420044E6F6 /* CreateEmployeeViewController.swift */,
			);
			path = ViewControllers;
			sourceTree = "<group>";
		};
		D84C27FE2469854100AA135C /* TableviewCell */ = {
			isa = PBXGroup;
			children = (
				D84A0139246A99600044E6F6 /* EmployeeListTableViewCell.swift */,
				D84A0141246AD6D10044E6F6 /* EmployeeListTableViewCell.xib */,
			);
			path = TableviewCell;
			sourceTree = "<group>";
		};
		D8FEF0EC24695EB800673CA0 = {
			isa = PBXGroup;
			children = (
				D8FEF0F724695EB800673CA0 /* EmployeeInformationDemo */,
				D8FEF10E24695EBF00673CA0 /* EmployeeInformationDemoTests */,
				D8FEF11924695EBF00673CA0 /* EmployeeInformationDemoUITests */,
				D8FEF0F624695EB800673CA0 /* Products */,
			);
			sourceTree = "<group>";
		};
		D8FEF0F624695EB800673CA0 /* Products */ = {
			isa = PBXGroup;
			children = (
				D8FEF0F524695EB800673CA0 /* EmployeeInformationDemo.app */,
				D8FEF10B24695EBF00673CA0 /* EmployeeInformationDemoTests.xctest */,
				D8FEF11624695EBF00673CA0 /* EmployeeInformationDemoUITests.xctest */,
			);
			name = Products;
			sourceTree = "<group>";
		};
		D8FEF0F724695EB800673CA0 /* EmployeeInformationDemo */ = {
			isa = PBXGroup;
			children = (
				D84C27F024697D0E00AA135C /* AppDelegate */,
				D84C27F124697D3900AA135C /* Model */,
				D84C27F324697D5900AA135C /* View */,
				D84C27F224697D5900AA135C /* ViewModel */,
				D84C27F524697D6700AA135C /* NetworkDiagram */,
				D84C27F424697D6700AA135C /* Utilities */,
				D8FEF10124695EBE00673CA0 /* Assets.xcassets */,
				D8FEF10624695EBF00673CA0 /* Info.plist */,
			);
			path = EmployeeInformationDemo;
			sourceTree = "<group>";
		};
		D8FEF10E24695EBF00673CA0 /* EmployeeInformationDemoTests */ = {
			isa = PBXGroup;
			children = (
				D8FEF10F24695EBF00673CA0 /* EmployeeInformationDemoTests.swift */,
				D8FEF11124695EBF00673CA0 /* Info.plist */,
			);
			path = EmployeeInformationDemoTests;
			sourceTree = "<group>";
		};
		D8FEF11924695EBF00673CA0 /* EmployeeInformationDemoUITests */ = {
			isa = PBXGroup;
			children = (
				D8FEF11A24695EBF00673CA0 /* EmployeeInformationDemoUITests.swift */,
				D8FEF11C24695EBF00673CA0 /* Info.plist */,
			);
			path = EmployeeInformationDemoUITests;
			sourceTree = "<group>";
		};
/* End PBXGroup section */

/* Begin PBXNativeTarget section */
		D8FEF0F424695EB800673CA0 /* EmployeeInformationDemo */ = {
			isa = PBXNativeTarget;
			buildConfigurationList = D8FEF11F24695EBF00673CA0 /* Build configuration list for PBXNativeTarget "EmployeeInformationDemo" */;
			buildPhases = (
				D8FEF0F124695EB800673CA0 /* Sources */,
				D8FEF0F224695EB800673CA0 /* Frameworks */,
				D8FEF0F324695EB800673CA0 /* Resources */,
			);
			buildRules = (
			);
			dependencies = (
			);
			name = EmployeeInformationDemo;
			productName = EmployeeInformationDemo;
			productReference = D8FEF0F524695EB800673CA0 /* EmployeeInformationDemo.app */;
			productType = "com.apple.product-type.application";
		};
		D8FEF10A24695EBF00673CA0 /* EmployeeInformationDemoTests */ = {
			isa = PBXNativeTarget;
			buildConfigurationList = D8FEF12224695EBF00673CA0 /* Build configuration list for PBXNativeTarget "EmployeeInformationDemoTests" */;
			buildPhases = (
				D8FEF10724695EBF00673CA0 /* Sources */,
				D8FEF10824695EBF00673CA0 /* Frameworks */,
				D8FEF10924695EBF00673CA0 /* Resources */,
			);
			buildRules = (
			);
			dependencies = (
				D8FEF10D24695EBF00673CA0 /* PBXTargetDependency */,
			);
			name = EmployeeInformationDemoTests;
			productName = EmployeeInformationDemoTests;
			productReference = D8FEF10B24695EBF00673CA0 /* EmployeeInformationDemoTests.xctest */;
			productType = "com.apple.product-type.bundle.unit-test";
		};
		D8FEF11524695EBF00673CA0 /* EmployeeInformationDemoUITests */ = {
			isa = PBXNativeTarget;
			buildConfigurationList = D8FEF12524695EBF00673CA0 /* Build configuration list for PBXNativeTarget "EmployeeInformationDemoUITests" */;
			buildPhases = (
				D8FEF11224695EBF00673CA0 /* Sources */,
				D8FEF11324695EBF00673CA0 /* Frameworks */,
				D8FEF11424695EBF00673CA0 /* Resources */,
			);
			buildRules = (
			);
			dependencies = (
				D8FEF11824695EBF00673CA0 /* PBXTargetDependency */,
			);
			name = EmployeeInformationDemoUITests;
			productName = EmployeeInformationDemoUITests;
			productReference = D8FEF11624695EBF00673CA0 /* EmployeeInformationDemoUITests.xctest */;
			productType = "com.apple.product-type.bundle.ui-testing";
		};
/* End PBXNativeTarget section */

/* Begin PBXProject section */
		D8FEF0ED24695EB800673CA0 /* Project object */ = {
			isa = PBXProject;
			attributes = {
				LastSwiftUpdateCheck = 1130;
				LastUpgradeCheck = 1130;
				ORGANIZATIONNAME = MJ00565663;
				TargetAttributes = {
					D8FEF0F424695EB800673CA0 = {
						CreatedOnToolsVersion = 11.3.1;
					};
					D8FEF10A24695EBF00673CA0 = {
						CreatedOnToolsVersion = 11.3.1;
						TestTargetID = D8FEF0F424695EB800673CA0;
					};
					D8FEF11524695EBF00673CA0 = {
						CreatedOnToolsVersion = 11.3.1;
						TestTargetID = D8FEF0F424695EB800673CA0;
					};
				};
			};
			buildConfigurationList = D8FEF0F024695EB800673CA0 /* Build configuration list for PBXProject "EmployeeInformationDemo" */;
			compatibilityVersion = "Xcode 9.3";
			developmentRegion = en;
			hasScannedForEncodings = 0;
			knownRegions = (
				en,
				Base,
			);
			mainGroup = D8FEF0EC24695EB800673CA0;
			productRefGroup = D8FEF0F624695EB800673CA0 /* Products */;
			projectDirPath = "";
			projectRoot = "";
			targets = (
				D8FEF0F424695EB800673CA0 /* EmployeeInformationDemo */,
				D8FEF10A24695EBF00673CA0 /* EmployeeInformationDemoTests */,
				D8FEF11524695EBF00673CA0 /* EmployeeInformationDemoUITests */,
			);
		};
/* End PBXProject section */

/* Begin PBXResourcesBuildPhase section */
		D8FEF0F324695EB800673CA0 /* Resources */ = {
			isa = PBXResourcesBuildPhase;
			buildActionMask = 2147483647;
			files = (
				D8FEF10224695EBE00673CA0 /* Assets.xcassets in Resources */,
				D84A0142246AD6D10044E6F6 /* EmployeeListTableViewCell.xib in Resources */,
				D84C27FA24697E3300AA135C /* LaunchScreen.storyboard in Resources */,
				D84C27F824697E2200AA135C /* Main.storyboard in Resources */,
			);
			runOnlyForDeploymentPostprocessing = 0;
		};
		D8FEF10924695EBF00673CA0 /* Resources */ = {
			isa = PBXResourcesBuildPhase;
			buildActionMask = 2147483647;
			files = (
			);
			runOnlyForDeploymentPostprocessing = 0;
		};
		D8FEF11424695EBF00673CA0 /* Resources */ = {
			isa = PBXResourcesBuildPhase;
			buildActionMask = 2147483647;
			files = (
			);
			runOnlyForDeploymentPostprocessing = 0;
		};
/* End PBXResourcesBuildPhase section */

/* Begin PBXSourcesBuildPhase section */
		D8FEF0F124695EB800673CA0 /* Sources */ = {
			isa = PBXSourcesBuildPhase;
			buildActionMask = 2147483647;
			files = (
				D84A014C246BF8B00044E6F6 /* DeleteEmployeeViewModel.swift in Sources */,
				D84A0136246A96420044E6F6 /* CreateEmployeeViewController.swift in Sources */,
				D84A0144246BAF0D0044E6F6 /* EmployeeDataModel.swift in Sources */,
				D84C27FD24697F6B00AA135C /* EmployeeListViewController.swift in Sources */,
				D8D90C2F246E6FFC00A9588B /* CreateNewEmployeeDataModel.swift in Sources */,
				D84A0148246BE15A0044E6F6 /* UITextField+DoneButton.swift in Sources */,
				D84A014A246BF89F0044E6F6 /* CreateEmployeeViewModel.swift in Sources */,
				D8FEF0F924695EB800673CA0 /* AppDelegate.swift in Sources */,
				D84A0138246A987C0044E6F6 /* APIClient.swift in Sources */,
				D84A013B246A99600044E6F6 /* EmployeeListTableViewCell.swift in Sources */,
				D84A0146246BB0D10044E6F6 /* EmployeeListViewModel.swift in Sources */,
				D84A013E246A997A0044E6F6 /* Constants.swift in Sources */,
			);
			runOnlyForDeploymentPostprocessing = 0;
		};
		D8FEF10724695EBF00673CA0 /* Sources */ = {
			isa = PBXSourcesBuildPhase;
			buildActionMask = 2147483647;
			files = (
				D8FEF11024695EBF00673CA0 /* EmployeeInformationDemoTests.swift in Sources */,
			);
			runOnlyForDeploymentPostprocessing = 0;
		};
		D8FEF11224695EBF00673CA0 /* Sources */ = {
			isa = PBXSourcesBuildPhase;
			buildActionMask = 2147483647;
			files = (
				D8FEF11B24695EBF00673CA0 /* EmployeeInformationDemoUITests.swift in Sources */,
			);
			runOnlyForDeploymentPostprocessing = 0;
		};
/* End PBXSourcesBuildPhase section */

/* Begin PBXTargetDependency section */
		D8FEF10D24695EBF00673CA0 /* PBXTargetDependency */ = {
			isa = PBXTargetDependency;
			target = D8FEF0F424695EB800673CA0 /* EmployeeInformationDemo */;
			targetProxy = D8FEF10C24695EBF00673CA0 /* PBXContainerItemProxy */;
		};
		D8FEF11824695EBF00673CA0 /* PBXTargetDependency */ = {
			isa = PBXTargetDependency;
			target = D8FEF0F424695EB800673CA0 /* EmployeeInformationDemo */;
			targetProxy = D8FEF11724695EBF00673CA0 /* PBXContainerItemProxy */;
		};
/* End PBXTargetDependency section */

/* Begin XCBuildConfiguration section */
		D8FEF11D24695EBF00673CA0 /* Debug */ = {
			isa = XCBuildConfiguration;
			buildSettings = {
				ALWAYS_SEARCH_USER_PATHS = NO;
				CLANG_ANALYZER_NONNULL = YES;
				CLANG_ANALYZER_NUMBER_OBJECT_CONVERSION = YES_AGGRESSIVE;
				CLANG_CXX_LANGUAGE_STANDARD = "gnu++14";
				CLANG_CXX_LIBRARY = "libc++";
				CLANG_ENABLE_MODULES = YES;
				CLANG_ENABLE_OBJC_ARC = YES;
				CLANG_ENABLE_OBJC_WEAK = YES;
				CLANG_WARN_BLOCK_CAPTURE_AUTORELEASING = YES;
				CLANG_WARN_BOOL_CONVERSION = YES;
				CLANG_WARN_COMMA = YES;
				CLANG_WARN_CONSTANT_CONVERSION = YES;
				CLANG_WARN_DEPRECATED_OBJC_IMPLEMENTATIONS = YES;
				CLANG_WARN_DIRECT_OBJC_ISA_USAGE = YES_ERROR;
				CLANG_WARN_DOCUMENTATION_COMMENTS = YES;
				CLANG_WARN_EMPTY_BODY = YES;
				CLANG_WARN_ENUM_CONVERSION = YES;
				CLANG_WARN_INFINITE_RECURSION = YES;
				CLANG_WARN_INT_CONVERSION = YES;
				CLANG_WARN_NON_LITERAL_NULL_CONVERSION = YES;
				CLANG_WARN_OBJC_IMPLICIT_RETAIN_SELF = YES;
				CLANG_WARN_OBJC_LITERAL_CONVERSION = YES;
				CLANG_WARN_OBJC_ROOT_CLASS = YES_ERROR;
				CLANG_WARN_RANGE_LOOP_ANALYSIS = YES;
				CLANG_WARN_STRICT_PROTOTYPES = YES;
				CLANG_WARN_SUSPICIOUS_MOVE = YES;
				CLANG_WARN_UNGUARDED_AVAILABILITY = YES_AGGRESSIVE;
				CLANG_WARN_UNREACHABLE_CODE = YES;
				CLANG_WARN__DUPLICATE_METHOD_MATCH = YES;
				COPY_PHASE_STRIP = NO;
				DEBUG_INFORMATION_FORMAT = dwarf;
				ENABLE_STRICT_OBJC_MSGSEND = YES;
				ENABLE_TESTABILITY = YES;
				GCC_C_LANGUAGE_STANDARD = gnu11;
				GCC_DYNAMIC_NO_PIC = NO;
				GCC_NO_COMMON_BLOCKS = YES;
				GCC_OPTIMIZATION_LEVEL = 0;
				GCC_PREPROCESSOR_DEFINITIONS = (
					"DEBUG=1",
					"$(inherited)",
				);
				GCC_WARN_64_TO_32_BIT_CONVERSION = YES;
				GCC_WARN_ABOUT_RETURN_TYPE = YES_ERROR;
				GCC_WARN_UNDECLARED_SELECTOR = YES;
				GCC_WARN_UNINITIALIZED_AUTOS = YES_AGGRESSIVE;
				GCC_WARN_UNUSED_FUNCTION = YES;
				GCC_WARN_UNUSED_VARIABLE = YES;
				IPHONEOS_DEPLOYMENT_TARGET = 13.2;
				MTL_ENABLE_DEBUG_INFO = INCLUDE_SOURCE;
				MTL_FAST_MATH = YES;
				ONLY_ACTIVE_ARCH = YES;
				SDKROOT = iphoneos;
				SWIFT_ACTIVE_COMPILATION_CONDITIONS = DEBUG;
				SWIFT_OPTIMIZATION_LEVEL = "-Onone";
			};
			name = Debug;
		};
		D8FEF11E24695EBF00673CA0 /* Release */ = {
			isa = XCBuildConfiguration;
			buildSettings = {
				ALWAYS_SEARCH_USER_PATHS = NO;
				CLANG_ANALYZER_NONNULL = YES;
				CLANG_ANALYZER_NUMBER_OBJECT_CONVERSION = YES_AGGRESSIVE;
				CLANG_CXX_LANGUAGE_STANDARD = "gnu++14";
				CLANG_CXX_LIBRARY = "libc++";
				CLANG_ENABLE_MODULES = YES;
				CLANG_ENABLE_OBJC_ARC = YES;
				CLANG_ENABLE_OBJC_WEAK = YES;
				CLANG_WARN_BLOCK_CAPTURE_AUTORELEASING = YES;
				CLANG_WARN_BOOL_CONVERSION = YES;
				CLANG_WARN_COMMA = YES;
				CLANG_WARN_CONSTANT_CONVERSION = YES;
				CLANG_WARN_DEPRECATED_OBJC_IMPLEMENTATIONS = YES;
				CLANG_WARN_DIRECT_OBJC_ISA_USAGE = YES_ERROR;
				CLANG_WARN_DOCUMENTATION_COMMENTS = YES;
				CLANG_WARN_EMPTY_BODY = YES;
				CLANG_WARN_ENUM_CONVERSION = YES;
				CLANG_WARN_INFINITE_RECURSION = YES;
				CLANG_WARN_INT_CONVERSION = YES;
				CLANG_WARN_NON_LITERAL_NULL_CONVERSION = YES;
				CLANG_WARN_OBJC_IMPLICIT_RETAIN_SELF = YES;
				CLANG_WARN_OBJC_LITERAL_CONVERSION = YES;
				CLANG_WARN_OBJC_ROOT_CLASS = YES_ERROR;
				CLANG_WARN_RANGE_LOOP_ANALYSIS = YES;
				CLANG_WARN_STRICT_PROTOTYPES = YES;
				CLANG_WARN_SUSPICIOUS_MOVE = YES;
				CLANG_WARN_UNGUARDED_AVAILABILITY = YES_AGGRESSIVE;
				CLANG_WARN_UNREACHABLE_CODE = YES;
				CLANG_WARN__DUPLICATE_METHOD_MATCH = YES;
				COPY_PHASE_STRIP = NO;
				DEBUG_INFORMATION_FORMAT = "dwarf-with-dsym";
				ENABLE_NS_ASSERTIONS = NO;
				ENABLE_STRICT_OBJC_MSGSEND = YES;
				GCC_C_LANGUAGE_STANDARD = gnu11;
				GCC_NO_COMMON_BLOCKS = YES;
				GCC_WARN_64_TO_32_BIT_CONVERSION = YES;
				GCC_WARN_ABOUT_RETURN_TYPE = YES_ERROR;
				GCC_WARN_UNDECLARED_SELECTOR = YES;
				GCC_WARN_UNINITIALIZED_AUTOS = YES_AGGRESSIVE;
				GCC_WARN_UNUSED_FUNCTION = YES;
				GCC_WARN_UNUSED_VARIABLE = YES;
				IPHONEOS_DEPLOYMENT_TARGET = 13.2;
				MTL_ENABLE_DEBUG_INFO = NO;
				MTL_FAST_MATH = YES;
				SDKROOT = iphoneos;
				SWIFT_COMPILATION_MODE = wholemodule;
				SWIFT_OPTIMIZATION_LEVEL = "-O";
				VALIDATE_PRODUCT = YES;
			};
			name = Release;
		};
		D8FEF12024695EBF00673CA0 /* Debug */ = {
			isa = XCBuildConfiguration;
			buildSettings = {
				ASSETCATALOG_COMPILER_APPICON_NAME = AppIcon;
				CODE_SIGN_STYLE = Automatic;
				INFOPLIST_FILE = EmployeeInformationDemo/Info.plist;
				IPHONEOS_DEPLOYMENT_TARGET = 12.2;
				LD_RUNPATH_SEARCH_PATHS = (
					"$(inherited)",
					"@executable_path/Frameworks",
				);
				PRODUCT_BUNDLE_IDENTIFIER = sdf.EmployeeInformationDemo;
				PRODUCT_NAME = "$(TARGET_NAME)";
				SWIFT_VERSION = 5.0;
				TARGETED_DEVICE_FAMILY = 1;
			};
			name = Debug;
		};
		D8FEF12124695EBF00673CA0 /* Release */ = {
			isa = XCBuildConfiguration;
			buildSettings = {
				ASSETCATALOG_COMPILER_APPICON_NAME = AppIcon;
				CODE_SIGN_STYLE = Automatic;
				INFOPLIST_FILE = EmployeeInformationDemo/Info.plist;
				IPHONEOS_DEPLOYMENT_TARGET = 12.2;
				LD_RUNPATH_SEARCH_PATHS = (
					"$(inherited)",
					"@executable_path/Frameworks",
				);
				PRODUCT_BUNDLE_IDENTIFIER = sdf.EmployeeInformationDemo;
				PRODUCT_NAME = "$(TARGET_NAME)";
				SWIFT_VERSION = 5.0;
				TARGETED_DEVICE_FAMILY = 1;
			};
			name = Release;
		};
		D8FEF12324695EBF00673CA0 /* Debug */ = {
			isa = XCBuildConfiguration;
			buildSettings = {
				ALWAYS_EMBED_SWIFT_STANDARD_LIBRARIES = YES;
				BUNDLE_LOADER = "$(TEST_HOST)";
				CODE_SIGN_STYLE = Automatic;
				INFOPLIST_FILE = EmployeeInformationDemoTests/Info.plist;
				IPHONEOS_DEPLOYMENT_TARGET = 13.2;
				LD_RUNPATH_SEARCH_PATHS = (
					"$(inherited)",
					"@executable_path/Frameworks",
					"@loader_path/Frameworks",
				);
				PRODUCT_BUNDLE_IDENTIFIER = sdf.EmployeeInformationDemoTests;
				PRODUCT_NAME = "$(TARGET_NAME)";
				SWIFT_VERSION = 5.0;
				TARGETED_DEVICE_FAMILY = "1,2";
				TEST_HOST = "$(BUILT_PRODUCTS_DIR)/EmployeeInformationDemo.app/EmployeeInformationDemo";
			};
			name = Debug;
		};
		D8FEF12424695EBF00673CA0 /* Release */ = {
			isa = XCBuildConfiguration;
			buildSettings = {
				ALWAYS_EMBED_SWIFT_STANDARD_LIBRARIES = YES;
				BUNDLE_LOADER = "$(TEST_HOST)";
				CODE_SIGN_STYLE = Automatic;
				INFOPLIST_FILE = EmployeeInformationDemoTests/Info.plist;
				IPHONEOS_DEPLOYMENT_TARGET = 13.2;
				LD_RUNPATH_SEARCH_PATHS = (
					"$(inherited)",
					"@executable_path/Frameworks",
					"@loader_path/Frameworks",
				);
				PRODUCT_BUNDLE_IDENTIFIER = sdf.EmployeeInformationDemoTests;
				PRODUCT_NAME = "$(TARGET_NAME)";
				SWIFT_VERSION = 5.0;
				TARGETED_DEVICE_FAMILY = "1,2";
				TEST_HOST = "$(BUILT_PRODUCTS_DIR)/EmployeeInformationDemo.app/EmployeeInformationDemo";
			};
			name = Release;
		};
		D8FEF12624695EBF00673CA0 /* Debug */ = {
			isa = XCBuildConfiguration;
			buildSettings = {
				ALWAYS_EMBED_SWIFT_STANDARD_LIBRARIES = YES;
				CODE_SIGN_STYLE = Automatic;
				INFOPLIST_FILE = EmployeeInformationDemoUITests/Info.plist;
				LD_RUNPATH_SEARCH_PATHS = (
					"$(inherited)",
					"@executable_path/Frameworks",
					"@loader_path/Frameworks",
				);
				PRODUCT_BUNDLE_IDENTIFIER = sdf.EmployeeInformationDemoUITests;
				PRODUCT_NAME = "$(TARGET_NAME)";
				SWIFT_VERSION = 5.0;
				TARGETED_DEVICE_FAMILY = "1,2";
				TEST_TARGET_NAME = EmployeeInformationDemo;
			};
			name = Debug;
		};
		D8FEF12724695EBF00673CA0 /* Release */ = {
			isa = XCBuildConfiguration;
			buildSettings = {
				ALWAYS_EMBED_SWIFT_STANDARD_LIBRARIES = YES;
				CODE_SIGN_STYLE = Automatic;
				INFOPLIST_FILE = EmployeeInformationDemoUITests/Info.plist;
				LD_RUNPATH_SEARCH_PATHS = (
					"$(inherited)",
					"@executable_path/Frameworks",
					"@loader_path/Frameworks",
				);
				PRODUCT_BUNDLE_IDENTIFIER = sdf.EmployeeInformationDemoUITests;
				PRODUCT_NAME = "$(TARGET_NAME)";
				SWIFT_VERSION = 5.0;
				TARGETED_DEVICE_FAMILY = "1,2";
				TEST_TARGET_NAME = EmployeeInformationDemo;
			};
			name = Release;
		};
/* End XCBuildConfiguration section */

/* Begin XCConfigurationList section */
		D8FEF0F024695EB800673CA0 /* Build configuration list for PBXProject "EmployeeInformationDemo" */ = {
			isa = XCConfigurationList;
			buildConfigurations = (
				D8FEF11D24695EBF00673CA0 /* Debug */,
				D8FEF11E24695EBF00673CA0 /* Release */,
			);
			defaultConfigurationIsVisible = 0;
			defaultConfigurationName = Release;
		};
		D8FEF11F24695EBF00673CA0 /* Build configuration list for PBXNativeTarget "EmployeeInformationDemo" */ = {
			isa = XCConfigurationList;
			buildConfigurations = (
				D8FEF12024695EBF00673CA0 /* Debug */,
				D8FEF12124695EBF00673CA0 /* Release */,
			);
			defaultConfigurationIsVisible = 0;
			defaultConfigurationName = Release;
		};
		D8FEF12224695EBF00673CA0 /* Build configuration list for PBXNativeTarget "EmployeeInformationDemoTests" */ = {
			isa = XCConfigurationList;
			buildConfigurations = (
				D8FEF12324695EBF00673CA0 /* Debug */,
				D8FEF12424695EBF00673CA0 /* Release */,
			);
			defaultConfigurationIsVisible = 0;
			defaultConfigurationName = Release;
		};
		D8FEF12524695EBF00673CA0 /* Build configuration list for PBXNativeTarget "EmployeeInformationDemoUITests" */ = {
			isa = XCConfigurationList;
			buildConfigurations = (
				D8FEF12624695EBF00673CA0 /* Debug */,
				D8FEF12724695EBF00673CA0 /* Release */,
			);
			defaultConfigurationIsVisible = 0;
			defaultConfigurationName = Release;
		};
/* End XCConfigurationList section */
	};
	rootObject = D8FEF0ED24695EB800673CA0 /* Project object */;
}
